
Microsoft Visual Studio Solution File, Format Version 12.00
# Visual Studio Version 17
VisualStudioVersion = 17.12.35323.107
MinimumVisualStudioVersion = 10.0.40219.1
Project("{FAE04EC0-301F-11D3-BF4B-00C04F79EFBC}") = "BlazorWebAssemblyBlazorise", "BlazorWebAssemblyBlazorise.csproj", "{8539E88F-D507-41EE-8668-1C6B963474B8}"
EndProject
Global
	GlobalSection(SolutionConfigurationPlatforms) = preSolution
		Debug|Any CPU = Debug|Any CPU
		Release|Any CPU = Release|Any CPU
	EndGlobalSection
	GlobalSection(ProjectConfigurationPlatforms) = postSolution
		{8539E88F-D507-41EE-8668-1C6B963474B8}.Debug|Any CPU.ActiveCfg = Debug|Any CPU
		{8539E88F-D507-41EE-8668-1C6B963474B8}.Debug|Any CPU.Build.0 = Debug|Any CPU
		{8539E88F-D507-41EE-8668-1C6B963474B8}.Release|Any CPU.ActiveCfg = Release|Any CPU
		{8539E88F-D507-41EE-8668-1C6B963474B8}.Release|Any CPU.Build.0 = Release|Any CPU
	EndGlobalSection
	GlobalSection(SolutionProperties) = preSolution
		HideSolutionNode = FALSE
	EndGlobalSection
	GlobalSection(ExtensibilityGlobals) = postSolution
		SolutionGuid = {10751C18-7E11-451B-95BC-46E73A867540}
	EndGlobalSection
EndGlobal
